schema: '2.0'
stages:
  data_cleaning:
    cmd: python src/data/data_cleaning.py
    deps:
    - path: data/raw/swiggy.csv
      hash: md5
      md5: 0b050b37dfe6cfbfaa18d7cb4e454377
      size: 7772212
    - path: src/data/data_cleaning.py
      hash: md5
      md5: f5ad421aafd57c91a1366fef5b226570
      size: 9519
    outs:
    - path: data/cleaned/swiggy_cleaned.csv
      hash: md5
      md5: 4918716e52fc57babdcd400dfb3c3f29
      size: 4508527
  data_preparation:
    cmd: python src/data/data_preparation.py
    deps:
    - path: data/cleaned/swiggy_cleaned.csv
      hash: md5
      md5: 4918716e52fc57babdcd400dfb3c3f29
      size: 4508527
    - path: src/data/data_preparation.py
      hash: md5
      md5: b97a07258b547e03768bab50f2f670ea
      size: 3007
    params:
      params.yaml:
        Data_Preparation.random_state: 5
        Data_Preparation.test_size: 0.2
    outs:
    - path: data/interim/test.csv
      hash: md5
      md5: 4c61b251a6c98187e6b5004eafb80409
      size: 901186
    - path: data/interim/train.csv
      hash: md5
      md5: 081c34e0d4388aafa9b84d6ce92a6efa
      size: 3604383
  data_preprocessing:
    cmd: python src/features/data_preprocessing.py
    deps:
    - path: data/interim/test.csv
      hash: md5
      md5: 4c61b251a6c98187e6b5004eafb80409
      size: 901186
    - path: data/interim/train.csv
      hash: md5
      md5: 081c34e0d4388aafa9b84d6ce92a6efa
      size: 3604383
    - path: src/features/data_preprocessing.py
      hash: md5
      md5: 35e50c87c02a387a08216744c7e31670
      size: 6943
    outs:
    - path: data/processed/test_trans.csv
      hash: md5
      md5: debcbbade80af98a085d1cc30d03efe4
      size: 1080823
    - path: data/processed/train_trans.csv
      hash: md5
      md5: 153b8a8aa16bb4eb9efbc60b5eb3ed58
      size: 4337910
    - path: models/preprocessor.joblib
      hash: md5
      md5: 76f2eda2400847a8e9bc7a5de034a488
      size: 8189
  model_training:
    cmd: python src/models/model_training.py
    deps:
    - path: data/processed/train_trans.csv
      hash: md5
      md5: 153b8a8aa16bb4eb9efbc60b5eb3ed58
      size: 4337910
    - path: src/models/model_training.py
      hash: md5
      md5: 3d72a21aadf39858d696239f43985d9b
      size: 4919
    params:
      params.yaml:
        Model_Training.LightGBM:
          n_estimators: 154
          max_depth: 27
          learning_rate: 0.22234435854395157
          subsample: 0.7592213724048168
          min_child_weight: 20
          min_split_gain: 0.004604680609280751
          reg_lambda: 97.81002379097947
          n_jobs: -1
        Model_Training.Random_Forest:
          n_estimators: 479
          criterion: squared_error
          max_depth: 17
          max_features: 1
          min_samples_split: 9
          min_samples_leaf: 2
          max_samples: 0.6603673526197066
          verbose: 1
          n_jobs: -1
    outs:
    - path: models/model.joblib
      hash: md5
      md5: 6bebafd61e0fd49dbad490009661e163
      size: 158196072
    - path: models/power_transformer.joblib
      hash: md5
      md5: b10bd7644a97b6f7c42c09b9f52cac8f
      size: 837
    - path: models/stacking_regressor.joblib
      hash: md5
      md5: 1797d98a52e225d8d854178dcfad5d5c
      size: 158184538
  model_evaluation:
    cmd: python src/models/model_evaluation.py
    deps:
    - path: data/processed/test_trans.csv
      hash: md5
      md5: debcbbade80af98a085d1cc30d03efe4
      size: 1080823
    - path: data/processed/train_trans.csv
      hash: md5
      md5: 153b8a8aa16bb4eb9efbc60b5eb3ed58
      size: 4337910
    - path: models/model.joblib
      hash: md5
      md5: 6bebafd61e0fd49dbad490009661e163
      size: 158196072
    - path: src/models/model_evaluation.py
      hash: md5
      md5: 03a7c2cbaf1d5d7f8825ecfd6615596f
      size: 11135
    outs:
    - path: run_information.json
      hash: md5
      md5: b2bbc23473e743c109723cac15dae945
      size: 220
  model_registratation:
    cmd: python src/models/model_registratation.py
    deps:
    - path: run_information.json
      hash: md5
      md5: b2bbc23473e743c109723cac15dae945
      size: 220
    - path: src/models/model_registratation.py
      hash: md5
      md5: 485654588e4f7176efd45d07f51bd7fe
      size: 2174
