schema: '2.0'
stages:
  data_cleaning:
    cmd: python src/data/data_cleaning.py
    deps:
    - path: data/raw/swiggy.csv
      hash: md5
      md5: 0b050b37dfe6cfbfaa18d7cb4e454377
      size: 7772212
    - path: src/data/data_cleaning.py
      hash: md5
      md5: f5ad421aafd57c91a1366fef5b226570
      size: 9519
    outs:
    - path: data/cleaned/swiggy_cleaned.csv
      hash: md5
      md5: 4918716e52fc57babdcd400dfb3c3f29
      size: 4508527
  data_preparation:
    cmd: python src/data/data_preparation.py
    deps:
    - path: data/cleaned/swiggy_cleaned.csv
      hash: md5
      md5: 4918716e52fc57babdcd400dfb3c3f29
      size: 4508527
    - path: src/data/data_preparation.py
      hash: md5
      md5: b97a07258b547e03768bab50f2f670ea
      size: 3007
    params:
      params.yaml:
        Data_Preparation.random_state: 40
        Data_Preparation.test_size: 0.2
    outs:
    - path: data/interim/test.csv
      hash: md5
      md5: 0c198d96c7c03091dce541cf849be6d2
      size: 901406
    - path: data/interim/train.csv
      hash: md5
      md5: 6a2903667f1a01bf2ffff0a81694d477
      size: 3604163
  data_preprocessing:
    cmd: python src/features/data_preprocessing.py
    deps:
    - path: data/interim/test.csv
      hash: md5
      md5: 0c198d96c7c03091dce541cf849be6d2
      size: 901406
    - path: data/interim/train.csv
      hash: md5
      md5: 6a2903667f1a01bf2ffff0a81694d477
      size: 3604163
    - path: src/features/data_preprocessing.py
      hash: md5
      md5: 35e50c87c02a387a08216744c7e31670
      size: 6943
    outs:
    - path: data/processed/test_trans.csv
      hash: md5
      md5: d9c1b787f1742bbd71156b76ab0f8aa9
      size: 1085342
    - path: data/processed/train_trans.csv
      hash: md5
      md5: a16ee186e2bde2a7a97b58bd016ef6d0
      size: 4333391
    - path: models/preprocessor.joblib
      hash: md5
      md5: 868aa09edea6cd5220dc88ba039a3075
      size: 8189
  model_training:
    cmd: python src/models/model_training.py
    deps:
    - path: data/processed/train_trans.csv
      hash: md5
      md5: a16ee186e2bde2a7a97b58bd016ef6d0
      size: 4333391
    - path: src/models/model_training.py
      hash: md5
      md5: 3d72a21aadf39858d696239f43985d9b
      size: 4919
    params:
      params.yaml:
        Model_Training.LightGBM:
          n_estimators: 154
          max_depth: 27
          learning_rate: 0.22234435854395157
          subsample: 0.7592213724048168
          min_child_weight: 20
          min_split_gain: 0.004604680609280751
          reg_lambda: 97.81002379097947
          n_jobs: -1
        Model_Training.Random_Forest:
          n_estimators: 479
          criterion: squared_error
          max_depth: 17
          max_features: 1
          min_samples_split: 9
          min_samples_leaf: 2
          max_samples: 0.6603673526197066
          verbose: 1
          n_jobs: -1
    outs:
    - path: models/model.joblib
      hash: md5
      md5: 5bdbb8eb11cb4aa62b5daa4114cbe706
      size: 158259448
    - path: models/power_transformer.joblib
      hash: md5
      md5: 58ac0582f22640c236762de612ffaf1c
      size: 837
    - path: models/stacking_regressor.joblib
      hash: md5
      md5: aee2e294565d8142c6d4000277b8c4b9
      size: 158247914
  model_evaluation:
    cmd: python src/models/model_evaluation.py
    deps:
    - path: data/processed/test_trans.csv
      hash: md5
      md5: d9c1b787f1742bbd71156b76ab0f8aa9
      size: 1085342
    - path: data/processed/train_trans.csv
      hash: md5
      md5: a16ee186e2bde2a7a97b58bd016ef6d0
      size: 4333391
    - path: models/model.joblib
      hash: md5
      md5: 5bdbb8eb11cb4aa62b5daa4114cbe706
      size: 158259448
    - path: src/models/model_evaluation.py
      hash: md5
      md5: 03a7c2cbaf1d5d7f8825ecfd6615596f
      size: 11135
    outs:
    - path: run_information.json
      hash: md5
      md5: ed52626ed0f31edf87653770e82c076b
      size: 220
  model_registratation:
    cmd: python src/models/model_registratation.py
    deps:
    - path: run_information.json
      hash: md5
      md5: ed52626ed0f31edf87653770e82c076b
      size: 220
    - path: src/models/model_registratation.py
      hash: md5
      md5: 485654588e4f7176efd45d07f51bd7fe
      size: 2174
