schema: '2.0'
stages:
  data_cleaning:
    cmd: python src/data/data_cleaning.py
    deps:
    - path: data/raw/swiggy.csv
      hash: md5
      md5: 0b050b37dfe6cfbfaa18d7cb4e454377
      size: 7772212
    - path: src/data/data_cleaning.py
      hash: md5
      md5: f5ad421aafd57c91a1366fef5b226570
      size: 9519
    outs:
    - path: data/cleaned/swiggy_cleaned.csv
      hash: md5
      md5: 4918716e52fc57babdcd400dfb3c3f29
      size: 4508527
  data_preparation:
    cmd: python src/data/data_preparation.py
    deps:
    - path: data/cleaned/swiggy_cleaned.csv
      hash: md5
      md5: 4918716e52fc57babdcd400dfb3c3f29
      size: 4508527
    - path: src/data/data_preparation.py
      hash: md5
      md5: b97a07258b547e03768bab50f2f670ea
      size: 3007
    params:
      params.yaml:
        Data_Preparation.random_state: 42
        Data_Preparation.test_size: 0.2
    outs:
    - path: data/interim/test.csv
      hash: md5
      md5: 20172ab330931a534fcb3fb75bf1b77a
      size: 901132
    - path: data/interim/train.csv
      hash: md5
      md5: 08e8f74451482dfdf2f472e94acb5993
      size: 3604437
  data_preprocessing:
    cmd: python src/features/data_preprocessing.py
    deps:
    - path: data/interim/test.csv
      hash: md5
      md5: 20172ab330931a534fcb3fb75bf1b77a
      size: 901132
    - path: data/interim/train.csv
      hash: md5
      md5: 08e8f74451482dfdf2f472e94acb5993
      size: 3604437
    - path: src/features/data_preprocessing.py
      hash: md5
      md5: 35e50c87c02a387a08216744c7e31670
      size: 6943
    outs:
    - path: data/processed/test_trans.csv
      hash: md5
      md5: 2519c7291782edca74e688cc944df5b9
      size: 1089313
    - path: data/processed/train_trans.csv
      hash: md5
      md5: 0d2f47751596e1c0f6bffbf7bb582a07
      size: 4329420
    - path: models/preprocessor.joblib
      hash: md5
      md5: d7d8a9720f5d4cd5e8b9fddf01dfcce0
      size: 8189
  model_training:
    cmd: python src/models/model_training.py
    deps:
    - path: data/processed/train_trans.csv
      hash: md5
      md5: 0d2f47751596e1c0f6bffbf7bb582a07
      size: 4329420
    - path: src/models/model_training.py
      hash: md5
      md5: 3d72a21aadf39858d696239f43985d9b
      size: 4919
    params:
      params.yaml:
        Model_Training.LightGBM:
          n_estimators: 154
          max_depth: 27
          learning_rate: 0.22234435854395157
          subsample: 0.7592213724048168
          min_child_weight: 20
          min_split_gain: 0.004604680609280751
          reg_lambda: 97.81002379097947
          n_jobs: -1
        Model_Training.Random_Forest:
          n_estimators: 479
          criterion: squared_error
          max_depth: 17
          max_features: 1
          min_samples_split: 9
          min_samples_leaf: 2
          max_samples: 0.6603673526197066
          verbose: 1
          n_jobs: -1
    outs:
    - path: models/model.joblib
      hash: md5
      md5: e5b05250038e58db12fb64066cfd3b74
      size: 158660872
    - path: models/power_transformer.joblib
      hash: md5
      md5: 043fb612cd69e7107dc7310ee4970ac9
      size: 837
    - path: models/stacking_regressor.joblib
      hash: md5
      md5: 053213191a20a2c8d871ae7406972cc3
      size: 158649338
  model_evaluation:
    cmd: python src/models/model_evaluation.py
    deps:
    - path: data/processed/test_trans.csv
      hash: md5
      md5: 2519c7291782edca74e688cc944df5b9
      size: 1089313
    - path: data/processed/train_trans.csv
      hash: md5
      md5: 0d2f47751596e1c0f6bffbf7bb582a07
      size: 4329420
    - path: models/model.joblib
      hash: md5
      md5: e5b05250038e58db12fb64066cfd3b74
      size: 158660872
    - path: src/models/model_evaluation.py
      hash: md5
      md5: a2bf4eabd5f3fa3790f0a125e0f82adb
      size: 4881
